// !$*UTF8*$!
{
	archiveVersion = 1;
	classes = {
	};
	objectVersion = 56;
	objects = {

/* Begin PBXBuildFile section */
		A9F9565129FC72AD003ED6C6 /* AbitudinarioApp.swift in Sources */ = {isa = PBXBuildFile; fileRef = A9F9565029FC72AD003ED6C6 /* AbitudinarioApp.swift */; };
		A9F9565329FC72AD003ED6C6 /* ContentView.swift in Sources */ = {isa = PBXBuildFile; fileRef = A9F9565229FC72AD003ED6C6 /* ContentView.swift */; };
		A9F9565529FC72AE003ED6C6 /* Assets.xcassets in Resources */ = {isa = PBXBuildFile; fileRef = A9F9565429FC72AE003ED6C6 /* Assets.xcassets */; };
		A9F9565829FC72AE003ED6C6 /* Preview Assets.xcassets in Resources */ = {isa = PBXBuildFile; fileRef = A9F9565729FC72AE003ED6C6 /* Preview Assets.xcassets */; };
		A9F9566229FC72AE003ED6C6 /* AbitudinarioTests.swift in Sources */ = {isa = PBXBuildFile; fileRef = A9F9566129FC72AE003ED6C6 /* AbitudinarioTests.swift */; };
		A9F9566C29FC72AE003ED6C6 /* AbitudinarioUITests.swift in Sources */ = {isa = PBXBuildFile; fileRef = A9F9566B29FC72AE003ED6C6 /* AbitudinarioUITests.swift */; };
		A9F9566E29FC72AE003ED6C6 /* AbitudinarioUITestsLaunchTests.swift in Sources */ = {isa = PBXBuildFile; fileRef = A9F9566D29FC72AE003ED6C6 /* AbitudinarioUITestsLaunchTests.swift */; };
		A9F9567C29FC73D7003ED6C6 /* FirebaseAuth in Frameworks */ = {isa = PBXBuildFile; productRef = A9F9567B29FC73D7003ED6C6 /* FirebaseAuth */; };
		A9F9567E29FC73D7003ED6C6 /* FirebaseFirestore in Frameworks */ = {isa = PBXBuildFile; productRef = A9F9567D29FC73D7003ED6C6 /* FirebaseFirestore */; };
		A9F9568029FC73D7003ED6C6 /* FirebaseFirestoreCombine-Community in Frameworks */ = {isa = PBXBuildFile; productRef = A9F9567F29FC73D7003ED6C6 /* FirebaseFirestoreCombine-Community */; };
		A9F9568229FC73D7003ED6C6 /* FirebaseFirestoreSwift in Frameworks */ = {isa = PBXBuildFile; productRef = A9F9568129FC73D7003ED6C6 /* FirebaseFirestoreSwift */; };
		A9F9568629FC7403003ED6C6 /* User.swift in Sources */ = {isa = PBXBuildFile; fileRef = A9F9568529FC7403003ED6C6 /* User.swift */; };
		A9F9568829FC748F003ED6C6 /* GoogleService-Info.plist in Resources */ = {isa = PBXBuildFile; fileRef = A9F9568729FC748F003ED6C6 /* GoogleService-Info.plist */; };
		A9F9568A29FC7579003ED6C6 /* LoginVM.swift in Sources */ = {isa = PBXBuildFile; fileRef = A9F9568929FC7579003ED6C6 /* LoginVM.swift */; };
		A9F9568C29FC75AB003ED6C6 /* LoginView.swift in Sources */ = {isa = PBXBuildFile; fileRef = A9F9568B29FC75AB003ED6C6 /* LoginView.swift */; };
		A9F9568F29FC76C1003ED6C6 /* HabitTrackerViewModel.swift in Sources */ = {isa = PBXBuildFile; fileRef = A9F9568E29FC76C1003ED6C6 /* HabitTrackerViewModel.swift */; };
		A9F9569229FC7829003ED6C6 /* TextFieldStyleAuth.swift in Sources */ = {isa = PBXBuildFile; fileRef = A9F9569129FC7829003ED6C6 /* TextFieldStyleAuth.swift */; };
		A9F9569429FC79D8003ED6C6 /* Habit.swift in Sources */ = {isa = PBXBuildFile; fileRef = A9F9569329FC79D8003ED6C6 /* Habit.swift */; };
		A9F9569629FC7A50003ED6C6 /* NewActivityView.swift in Sources */ = {isa = PBXBuildFile; fileRef = A9F9569529FC7A50003ED6C6 /* NewActivityView.swift */; };
		A9F9569829FC9480003ED6C6 /* Day.swift in Sources */ = {isa = PBXBuildFile; fileRef = A9F9569729FC9480003ED6C6 /* Day.swift */; };
		A9F9569A29FDC5CB003ED6C6 /* HabitStatsView.swift in Sources */ = {isa = PBXBuildFile; fileRef = A9F9569929FDC5CB003ED6C6 /* HabitStatsView.swift */; };
		A9F9569C29FDC86B003ED6C6 /* HabitStatsViewModel.swift in Sources */ = {isa = PBXBuildFile; fileRef = A9F9569B29FDC86B003ED6C6 /* HabitStatsViewModel.swift */; };
		A9F9569E29FFFEF9003ED6C6 /* NotificationManager.swift in Sources */ = {isa = PBXBuildFile; fileRef = A9F9569D29FFFEF9003ED6C6 /* NotificationManager.swift */; };
		A9F956DE2A0027AA003ED6C6 /* InfoOverlayView.swift in Sources */ = {isa = PBXBuildFile; fileRef = A9F956DD2A0027AA003ED6C6 /* InfoOverlayView.swift */; };
/* End PBXBuildFile section */

/* Begin PBXContainerItemProxy section */
		A9F9565E29FC72AE003ED6C6 /* PBXContainerItemProxy */ = {
			isa = PBXContainerItemProxy;
			containerPortal = A9F9564529FC72AD003ED6C6 /* Project object */;
			proxyType = 1;
			remoteGlobalIDString = A9F9564C29FC72AD003ED6C6;
			remoteInfo = Abitudinario;
		};
		A9F9566829FC72AE003ED6C6 /* PBXContainerItemProxy */ = {
			isa = PBXContainerItemProxy;
			containerPortal = A9F9564529FC72AD003ED6C6 /* Project object */;
			proxyType = 1;
			remoteGlobalIDString = A9F9564C29FC72AD003ED6C6;
			remoteInfo = Abitudinario;
		};
/* End PBXContainerItemProxy section */

/* Begin PBXFileReference section */
		A9F9564D29FC72AD003ED6C6 /* Abitudinario.app */ = {isa = PBXFileReference; explicitFileType = wrapper.application; includeInIndex = 0; path = Abitudinario.app; sourceTree = BUILT_PRODUCTS_DIR; };
		A9F9565029FC72AD003ED6C6 /* AbitudinarioApp.swift */ = {isa = PBXFileReference; lastKnownFileType = sourcecode.swift; path = AbitudinarioApp.swift; sourceTree = "<group>"; };
		A9F9565229FC72AD003ED6C6 /* ContentView.swift */ = {isa = PBXFileReference; lastKnownFileType = sourcecode.swift; path = ContentView.swift; sourceTree = "<group>"; };
		A9F9565429FC72AE003ED6C6 /* Assets.xcassets */ = {isa = PBXFileReference; lastKnownFileType = folder.assetcatalog; path = Assets.xcassets; sourceTree = "<group>"; };
		A9F9565729FC72AE003ED6C6 /* Preview Assets.xcassets */ = {isa = PBXFileReference; lastKnownFileType = folder.assetcatalog; path = "Preview Assets.xcassets"; sourceTree = "<group>"; };
		A9F9565D29FC72AE003ED6C6 /* AbitudinarioTests.xctest */ = {isa = PBXFileReference; explicitFileType = wrapper.cfbundle; includeInIndex = 0; path = AbitudinarioTests.xctest; sourceTree = BUILT_PRODUCTS_DIR; };
		A9F9566129FC72AE003ED6C6 /* AbitudinarioTests.swift */ = {isa = PBXFileReference; lastKnownFileType = sourcecode.swift; path = AbitudinarioTests.swift; sourceTree = "<group>"; };
		A9F9566729FC72AE003ED6C6 /* AbitudinarioUITests.xctest */ = {isa = PBXFileReference; explicitFileType = wrapper.cfbundle; includeInIndex = 0; path = AbitudinarioUITests.xctest; sourceTree = BUILT_PRODUCTS_DIR; };
		A9F9566B29FC72AE003ED6C6 /* AbitudinarioUITests.swift */ = {isa = PBXFileReference; lastKnownFileType = sourcecode.swift; path = AbitudinarioUITests.swift; sourceTree = "<group>"; };
		A9F9566D29FC72AE003ED6C6 /* AbitudinarioUITestsLaunchTests.swift */ = {isa = PBXFileReference; lastKnownFileType = sourcecode.swift; path = AbitudinarioUITestsLaunchTests.swift; sourceTree = "<group>"; };
		A9F9568529FC7403003ED6C6 /* User.swift */ = {isa = PBXFileReference; lastKnownFileType = sourcecode.swift; path = User.swift; sourceTree = "<group>"; };
		A9F9568729FC748F003ED6C6 /* GoogleService-Info.plist */ = {isa = PBXFileReference; fileEncoding = 4; lastKnownFileType = text.plist.xml; path = "GoogleService-Info.plist"; sourceTree = "<group>"; };
		A9F9568929FC7579003ED6C6 /* LoginVM.swift */ = {isa = PBXFileReference; lastKnownFileType = sourcecode.swift; path = LoginVM.swift; sourceTree = "<group>"; };
		A9F9568B29FC75AB003ED6C6 /* LoginView.swift */ = {isa = PBXFileReference; lastKnownFileType = sourcecode.swift; path = LoginView.swift; sourceTree = "<group>"; };
		A9F9568E29FC76C1003ED6C6 /* HabitTrackerViewModel.swift */ = {isa = PBXFileReference; lastKnownFileType = sourcecode.swift; path = HabitTrackerViewModel.swift; sourceTree = "<group>"; };
		A9F9569129FC7829003ED6C6 /* TextFieldStyleAuth.swift */ = {isa = PBXFileReference; lastKnownFileType = sourcecode.swift; path = TextFieldStyleAuth.swift; sourceTree = "<group>"; };
		A9F9569329FC79D8003ED6C6 /* Habit.swift */ = {isa = PBXFileReference; lastKnownFileType = sourcecode.swift; path = Habit.swift; sourceTree = "<group>"; };
		A9F9569529FC7A50003ED6C6 /* NewActivityView.swift */ = {isa = PBXFileReference; lastKnownFileType = sourcecode.swift; path = NewActivityView.swift; sourceTree = "<group>"; };
		A9F9569729FC9480003ED6C6 /* Day.swift */ = {isa = PBXFileReference; lastKnownFileType = sourcecode.swift; path = Day.swift; sourceTree = "<group>"; };
		A9F9569929FDC5CB003ED6C6 /* HabitStatsView.swift */ = {isa = PBXFileReference; lastKnownFileType = sourcecode.swift; path = HabitStatsView.swift; sourceTree = "<group>"; };
		A9F9569B29FDC86B003ED6C6 /* HabitStatsViewModel.swift */ = {isa = PBXFileReference; lastKnownFileType = sourcecode.swift; path = HabitStatsViewModel.swift; sourceTree = "<group>"; };
		A9F9569D29FFFEF9003ED6C6 /* NotificationManager.swift */ = {isa = PBXFileReference; lastKnownFileType = sourcecode.swift; path = NotificationManager.swift; sourceTree = "<group>"; };
		A9F956DD2A0027AA003ED6C6 /* InfoOverlayView.swift */ = {isa = PBXFileReference; lastKnownFileType = sourcecode.swift; path = InfoOverlayView.swift; sourceTree = "<group>"; };
/* End PBXFileReference section */

/* Begin PBXFrameworksBuildPhase section */
		A9F9564A29FC72AD003ED6C6 /* Frameworks */ = {
			isa = PBXFrameworksBuildPhase;
			buildActionMask = 2147483647;
			files = (
				A9F9568029FC73D7003ED6C6 /* FirebaseFirestoreCombine-Community in Frameworks */,
				A9F9567C29FC73D7003ED6C6 /* FirebaseAuth in Frameworks */,
				A9F9567E29FC73D7003ED6C6 /* FirebaseFirestore in Frameworks */,
				A9F9568229FC73D7003ED6C6 /* FirebaseFirestoreSwift in Frameworks */,
			);
			runOnlyForDeploymentPostprocessing = 0;
		};
		A9F9565A29FC72AE003ED6C6 /* Frameworks */ = {
			isa = PBXFrameworksBuildPhase;
			buildActionMask = 2147483647;
			files = (
			);
			runOnlyForDeploymentPostprocessing = 0;
		};
		A9F9566429FC72AE003ED6C6 /* Frameworks */ = {
			isa = PBXFrameworksBuildPhase;
			buildActionMask = 2147483647;
			files = (
			);
			runOnlyForDeploymentPostprocessing = 0;
		};
/* End PBXFrameworksBuildPhase section */

/* Begin PBXGroup section */
		A9F9564429FC72AD003ED6C6 = {
			isa = PBXGroup;
			children = (
				A9F9564F29FC72AD003ED6C6 /* Abitudinario */,
				A9F9566029FC72AE003ED6C6 /* AbitudinarioTests */,
				A9F9566A29FC72AE003ED6C6 /* AbitudinarioUITests */,
				A9F9564E29FC72AD003ED6C6 /* Products */,
			);
			sourceTree = "<group>";
		};
		A9F9564E29FC72AD003ED6C6 /* Products */ = {
			isa = PBXGroup;
			children = (
				A9F9564D29FC72AD003ED6C6 /* Abitudinario.app */,
				A9F9565D29FC72AE003ED6C6 /* AbitudinarioTests.xctest */,
				A9F9566729FC72AE003ED6C6 /* AbitudinarioUITests.xctest */,
			);
			name = Products;
			sourceTree = "<group>";
		};
		A9F9564F29FC72AD003ED6C6 /* Abitudinario */ = {
			isa = PBXGroup;
			children = (
				A9F9569029FC780B003ED6C6 /* Styles */,
				A9F9568D29FC7697003ED6C6 /* ViewModels */,
				A9F9568429FC73F3003ED6C6 /* Models */,
				A9F9568329FC73E2003ED6C6 /* Auth */,
				A9F9565029FC72AD003ED6C6 /* AbitudinarioApp.swift */,
				A9F9565229FC72AD003ED6C6 /* ContentView.swift */,
				A9F9565429FC72AE003ED6C6 /* Assets.xcassets */,
				A9F9565629FC72AE003ED6C6 /* Preview Content */,
				A9F9569529FC7A50003ED6C6 /* NewActivityView.swift */,
				A9F9569929FDC5CB003ED6C6 /* HabitStatsView.swift */,
				A9F9569D29FFFEF9003ED6C6 /* NotificationManager.swift */,
				A9F956DD2A0027AA003ED6C6 /* InfoOverlayView.swift */,
			);
			path = Abitudinario;
			sourceTree = "<group>";
		};
		A9F9565629FC72AE003ED6C6 /* Preview Content */ = {
			isa = PBXGroup;
			children = (
				A9F9565729FC72AE003ED6C6 /* Preview Assets.xcassets */,
			);
			path = "Preview Content";
			sourceTree = "<group>";
		};
		A9F9566029FC72AE003ED6C6 /* AbitudinarioTests */ = {
			isa = PBXGroup;
			children = (
				A9F9566129FC72AE003ED6C6 /* AbitudinarioTests.swift */,
			);
			path = AbitudinarioTests;
			sourceTree = "<group>";
		};
		A9F9566A29FC72AE003ED6C6 /* AbitudinarioUITests */ = {
			isa = PBXGroup;
			children = (
				A9F9566B29FC72AE003ED6C6 /* AbitudinarioUITests.swift */,
				A9F9566D29FC72AE003ED6C6 /* AbitudinarioUITestsLaunchTests.swift */,
				A9F9568729FC748F003ED6C6 /* GoogleService-Info.plist */,
			);
			path = AbitudinarioUITests;
			sourceTree = "<group>";
		};
		A9F9568329FC73E2003ED6C6 /* Auth */ = {
			isa = PBXGroup;
			children = (
				A9F9568929FC7579003ED6C6 /* LoginVM.swift */,
				A9F9568B29FC75AB003ED6C6 /* LoginView.swift */,
			);
			path = Auth;
			sourceTree = "<group>";
		};
		A9F9568429FC73F3003ED6C6 /* Models */ = {
			isa = PBXGroup;
			children = (
				A9F9568529FC7403003ED6C6 /* User.swift */,
				A9F9569329FC79D8003ED6C6 /* Habit.swift */,
				A9F9569729FC9480003ED6C6 /* Day.swift */,
			);
			path = Models;
			sourceTree = "<group>";
		};
		A9F9568D29FC7697003ED6C6 /* ViewModels */ = {
			isa = PBXGroup;
			children = (
				A9F9568E29FC76C1003ED6C6 /* HabitTrackerViewModel.swift */,
				A9F9569B29FDC86B003ED6C6 /* HabitStatsViewModel.swift */,
			);
			path = ViewModels;
			sourceTree = "<group>";
		};
		A9F9569029FC780B003ED6C6 /* Styles */ = {
			isa = PBXGroup;
			children = (
				A9F9569129FC7829003ED6C6 /* TextFieldStyleAuth.swift */,
			);
			path = Styles;
			sourceTree = "<group>";
		};
/* End PBXGroup section */

/* Begin PBXNativeTarget section */
		A9F9564C29FC72AD003ED6C6 /* Abitudinario */ = {
			isa = PBXNativeTarget;
			buildConfigurationList = A9F9567129FC72AE003ED6C6 /* Build configuration list for PBXNativeTarget "Abitudinario" */;
			buildPhases = (
				A9F9564929FC72AD003ED6C6 /* Sources */,
				A9F9564A29FC72AD003ED6C6 /* Frameworks */,
				A9F9564B29FC72AD003ED6C6 /* Resources */,
			);
			buildRules = (
			);
			dependencies = (
			);
			name = Abitudinario;
			packageProductDependencies = (
				A9F9567B29FC73D7003ED6C6 /* FirebaseAuth */,
				A9F9567D29FC73D7003ED6C6 /* FirebaseFirestore */,
				A9F9567F29FC73D7003ED6C6 /* FirebaseFirestoreCombine-Community */,
				A9F9568129FC73D7003ED6C6 /* FirebaseFirestoreSwift */,
			);
			productName = Abitudinario;
			productReference = A9F9564D29FC72AD003ED6C6 /* Abitudinario.app */;
			productType = "com.apple.product-type.application";
		};
		A9F9565C29FC72AE003ED6C6 /* AbitudinarioTests */ = {
			isa = PBXNativeTarget;
			buildConfigurationList = A9F9567429FC72AE003ED6C6 /* Build configuration list for PBXNativeTarget "AbitudinarioTests" */;
			buildPhases = (
				A9F9565929FC72AE003ED6C6 /* Sources */,
				A9F9565A29FC72AE003ED6C6 /* Frameworks */,
				A9F9565B29FC72AE003ED6C6 /* Resources */,
			);
			buildRules = (
			);
			dependencies = (
				A9F9565F29FC72AE003ED6C6 /* PBXTargetDependency */,
			);
			name = AbitudinarioTests;
			productName = AbitudinarioTests;
			productReference = A9F9565D29FC72AE003ED6C6 /* AbitudinarioTests.xctest */;
			productType = "com.apple.product-type.bundle.unit-test";
		};
		A9F9566629FC72AE003ED6C6 /* AbitudinarioUITests */ = {
			isa = PBXNativeTarget;
			buildConfigurationList = A9F9567729FC72AE003ED6C6 /* Build configuration list for PBXNativeTarget "AbitudinarioUITests" */;
			buildPhases = (
				A9F9566329FC72AE003ED6C6 /* Sources */,
				A9F9566429FC72AE003ED6C6 /* Frameworks */,
				A9F9566529FC72AE003ED6C6 /* Resources */,
			);
			buildRules = (
			);
			dependencies = (
				A9F9566929FC72AE003ED6C6 /* PBXTargetDependency */,
			);
			name = AbitudinarioUITests;
			productName = AbitudinarioUITests;
			productReference = A9F9566729FC72AE003ED6C6 /* AbitudinarioUITests.xctest */;
			productType = "com.apple.product-type.bundle.ui-testing";
		};
/* End PBXNativeTarget section */

/* Begin PBXProject section */
		A9F9564529FC72AD003ED6C6 /* Project object */ = {
			isa = PBXProject;
			attributes = {
				BuildIndependentTargetsInParallel = 1;
				LastSwiftUpdateCheck = 1430;
				LastUpgradeCheck = 1430;
				TargetAttributes = {
					A9F9564C29FC72AD003ED6C6 = {
						CreatedOnToolsVersion = 14.3;
					};
					A9F9565C29FC72AE003ED6C6 = {
						CreatedOnToolsVersion = 14.3;
						TestTargetID = A9F9564C29FC72AD003ED6C6;
					};
					A9F9566629FC72AE003ED6C6 = {
						CreatedOnToolsVersion = 14.3;
						TestTargetID = A9F9564C29FC72AD003ED6C6;
					};
				};
			};
			buildConfigurationList = A9F9564829FC72AD003ED6C6 /* Build configuration list for PBXProject "Abitudinario" */;
			compatibilityVersion = "Xcode 14.0";
			developmentRegion = en;
			hasScannedForEncodings = 0;
			knownRegions = (
				en,
				Base,
			);
			mainGroup = A9F9564429FC72AD003ED6C6;
			packageReferences = (
				A9F9567A29FC73D7003ED6C6 /* XCRemoteSwiftPackageReference "firebase-ios-sdk" */,
			);
			productRefGroup = A9F9564E29FC72AD003ED6C6 /* Products */;
			projectDirPath = "";
			projectRoot = "";
			targets = (
				A9F9564C29FC72AD003ED6C6 /* Abitudinario */,
				A9F9565C29FC72AE003ED6C6 /* AbitudinarioTests */,
				A9F9566629FC72AE003ED6C6 /* AbitudinarioUITests */,
			);
		};
/* End PBXProject section */

/* Begin PBXResourcesBuildPhase section */
		A9F9564B29FC72AD003ED6C6 /* Resources */ = {
			isa = PBXResourcesBuildPhase;
			buildActionMask = 2147483647;
			files = (
				A9F9565829FC72AE003ED6C6 /* Preview Assets.xcassets in Resources */,
				A9F9565529FC72AE003ED6C6 /* Assets.xcassets in Resources */,
				A9F9568829FC748F003ED6C6 /* GoogleService-Info.plist in Resources */,
			);
			runOnlyForDeploymentPostprocessing = 0;
		};
		A9F9565B29FC72AE003ED6C6 /* Resources */ = {
			isa = PBXResourcesBuildPhase;
			buildActionMask = 2147483647;
			files = (
			);
			runOnlyForDeploymentPostprocessing = 0;
		};
		A9F9566529FC72AE003ED6C6 /* Resources */ = {
			isa = PBXResourcesBuildPhase;
			buildActionMask = 2147483647;
			files = (
			);
			runOnlyForDeploymentPostprocessing = 0;
		};
/* End PBXResourcesBuildPhase section */

/* Begin PBXSourcesBuildPhase section */
		A9F9564929FC72AD003ED6C6 /* Sources */ = {
			isa = PBXSourcesBuildPhase;
			buildActionMask = 2147483647;
			files = (
				A9F9568A29FC7579003ED6C6 /* LoginVM.swift in Sources */,
				A9F956DE2A0027AA003ED6C6 /* InfoOverlayView.swift in Sources */,
				A9F9565329FC72AD003ED6C6 /* ContentView.swift in Sources */,
				A9F9569229FC7829003ED6C6 /* TextFieldStyleAuth.swift in Sources */,
				A9F9569C29FDC86B003ED6C6 /* HabitStatsViewModel.swift in Sources */,
				A9F9569A29FDC5CB003ED6C6 /* HabitStatsView.swift in Sources */,
				A9F9565129FC72AD003ED6C6 /* AbitudinarioApp.swift in Sources */,
				A9F9569E29FFFEF9003ED6C6 /* NotificationManager.swift in Sources */,
				A9F9569629FC7A50003ED6C6 /* NewActivityView.swift in Sources */,
				A9F9568C29FC75AB003ED6C6 /* LoginView.swift in Sources */,
				A9F9568F29FC76C1003ED6C6 /* HabitTrackerViewModel.swift in Sources */,
				A9F9569429FC79D8003ED6C6 /* Habit.swift in Sources */,
				A9F9569829FC9480003ED6C6 /* Day.swift in Sources */,
				A9F9568629FC7403003ED6C6 /* User.swift in Sources */,
			);
			runOnlyForDeploymentPostprocessing = 0;
		};
		A9F9565929FC72AE003ED6C6 /* Sources */ = {
			isa = PBXSourcesBuildPhase;
			buildActionMask = 2147483647;
			files = (
				A9F9566229FC72AE003ED6C6 /* AbitudinarioTests.swift in Sources */,
			);
			runOnlyForDeploymentPostprocessing = 0;
		};
		A9F9566329FC72AE003ED6C6 /* Sources */ = {
			isa = PBXSourcesBuildPhase;
			buildActionMask = 2147483647;
			files = (
				A9F9566C29FC72AE003ED6C6 /* AbitudinarioUITests.swift in Sources */,
				A9F9566E29FC72AE003ED6C6 /* AbitudinarioUITestsLaunchTests.swift in Sources */,
			);
			runOnlyForDeploymentPostprocessing = 0;
		};
/* End PBXSourcesBuildPhase section */

/* Begin PBXTargetDependency section */
		A9F9565F29FC72AE003ED6C6 /* PBXTargetDependency */ = {
			isa = PBXTargetDependency;
			target = A9F9564C29FC72AD003ED6C6 /* Abitudinario */;
			targetProxy = A9F9565E29FC72AE003ED6C6 /* PBXContainerItemProxy */;
		};
		A9F9566929FC72AE003ED6C6 /* PBXTargetDependency */ = {
			isa = PBXTargetDependency;
			target = A9F9564C29FC72AD003ED6C6 /* Abitudinario */;
			targetProxy = A9F9566829FC72AE003ED6C6 /* PBXContainerItemProxy */;
		};
/* End PBXTargetDependency section */

/* Begin XCBuildConfiguration section */
		A9F9566F29FC72AE003ED6C6 /* Debug */ = {
			isa = XCBuildConfiguration;
			buildSettings = {
				ALWAYS_SEARCH_USER_PATHS = NO;
				CLANG_ANALYZER_NONNULL = YES;
				CLANG_ANALYZER_NUMBER_OBJECT_CONVERSION = YES_AGGRESSIVE;
				CLANG_CXX_LANGUAGE_STANDARD = "gnu++20";
				CLANG_ENABLE_MODULES = YES;
				CLANG_ENABLE_OBJC_ARC = YES;
				CLANG_ENABLE_OBJC_WEAK = YES;
				CLANG_WARN_BLOCK_CAPTURE_AUTORELEASING = YES;
				CLANG_WARN_BOOL_CONVERSION = YES;
				CLANG_WARN_COMMA = YES;
				CLANG_WARN_CONSTANT_CONVERSION = YES;
				CLANG_WARN_DEPRECATED_OBJC_IMPLEMENTATIONS = YES;
				CLANG_WARN_DIRECT_OBJC_ISA_USAGE = YES_ERROR;
				CLANG_WARN_DOCUMENTATION_COMMENTS = YES;
				CLANG_WARN_EMPTY_BODY = YES;
				CLANG_WARN_ENUM_CONVERSION = YES;
				CLANG_WARN_INFINITE_RECURSION = YES;
				CLANG_WARN_INT_CONVERSION = YES;
				CLANG_WARN_NON_LITERAL_NULL_CONVERSION = YES;
				CLANG_WARN_OBJC_IMPLICIT_RETAIN_SELF = YES;
				CLANG_WARN_OBJC_LITERAL_CONVERSION = YES;
				CLANG_WARN_OBJC_ROOT_CLASS = YES_ERROR;
				CLANG_WARN_QUOTED_INCLUDE_IN_FRAMEWORK_HEADER = YES;
				CLANG_WARN_RANGE_LOOP_ANALYSIS = YES;
				CLANG_WARN_STRICT_PROTOTYPES = YES;
				CLANG_WARN_SUSPICIOUS_MOVE = YES;
				CLANG_WARN_UNGUARDED_AVAILABILITY = YES_AGGRESSIVE;
				CLANG_WARN_UNREACHABLE_CODE = YES;
				CLANG_WARN__DUPLICATE_METHOD_MATCH = YES;
				COPY_PHASE_STRIP = NO;
				DEBUG_INFORMATION_FORMAT = dwarf;
				ENABLE_STRICT_OBJC_MSGSEND = YES;
				ENABLE_TESTABILITY = YES;
				GCC_C_LANGUAGE_STANDARD = gnu11;
				GCC_DYNAMIC_NO_PIC = NO;
				GCC_NO_COMMON_BLOCKS = YES;
				GCC_OPTIMIZATION_LEVEL = 0;
				GCC_PREPROCESSOR_DEFINITIONS = (
					"DEBUG=1",
					"$(inherited)",
				);
				GCC_WARN_64_TO_32_BIT_CONVERSION = YES;
				GCC_WARN_ABOUT_RETURN_TYPE = YES_ERROR;
				GCC_WARN_UNDECLARED_SELECTOR = YES;
				GCC_WARN_UNINITIALIZED_AUTOS = YES_AGGRESSIVE;
				GCC_WARN_UNUSED_FUNCTION = YES;
				GCC_WARN_UNUSED_VARIABLE = YES;
				IPHONEOS_DEPLOYMENT_TARGET = 16.4;
				MTL_ENABLE_DEBUG_INFO = INCLUDE_SOURCE;
				MTL_FAST_MATH = YES;
				ONLY_ACTIVE_ARCH = YES;
				SDKROOT = iphoneos;
				SWIFT_ACTIVE_COMPILATION_CONDITIONS = DEBUG;
				SWIFT_OPTIMIZATION_LEVEL = "-Onone";
			};
			name = Debug;
		};
		A9F9567029FC72AE003ED6C6 /* Release */ = {
			isa = XCBuildConfiguration;
			buildSettings = {
				ALWAYS_SEARCH_USER_PATHS = NO;
				CLANG_ANALYZER_NONNULL = YES;
				CLANG_ANALYZER_NUMBER_OBJECT_CONVERSION = YES_AGGRESSIVE;
				CLANG_CXX_LANGUAGE_STANDARD = "gnu++20";
				CLANG_ENABLE_MODULES = YES;
				CLANG_ENABLE_OBJC_ARC = YES;
				CLANG_ENABLE_OBJC_WEAK = YES;
				CLANG_WARN_BLOCK_CAPTURE_AUTORELEASING = YES;
				CLANG_WARN_BOOL_CONVERSION = YES;
				CLANG_WARN_COMMA = YES;
				CLANG_WARN_CONSTANT_CONVERSION = YES;
				CLANG_WARN_DEPRECATED_OBJC_IMPLEMENTATIONS = YES;
				CLANG_WARN_DIRECT_OBJC_ISA_USAGE = YES_ERROR;
				CLANG_WARN_DOCUMENTATION_COMMENTS = YES;
				CLANG_WARN_EMPTY_BODY = YES;
				CLANG_WARN_ENUM_CONVERSION = YES;
				CLANG_WARN_INFINITE_RECURSION = YES;
				CLANG_WARN_INT_CONVERSION = YES;
				CLANG_WARN_NON_LITERAL_NULL_CONVERSION = YES;
				CLANG_WARN_OBJC_IMPLICIT_RETAIN_SELF = YES;
				CLANG_WARN_OBJC_LITERAL_CONVERSION = YES;
				CLANG_WARN_OBJC_ROOT_CLASS = YES_ERROR;
				CLANG_WARN_QUOTED_INCLUDE_IN_FRAMEWORK_HEADER = YES;
				CLANG_WARN_RANGE_LOOP_ANALYSIS = YES;
				CLANG_WARN_STRICT_PROTOTYPES = YES;
				CLANG_WARN_SUSPICIOUS_MOVE = YES;
				CLANG_WARN_UNGUARDED_AVAILABILITY = YES_AGGRESSIVE;
				CLANG_WARN_UNREACHABLE_CODE = YES;
				CLANG_WARN__DUPLICATE_METHOD_MATCH = YES;
				COPY_PHASE_STRIP = NO;
				DEBUG_INFORMATION_FORMAT = "dwarf-with-dsym";
				ENABLE_NS_ASSERTIONS = NO;
				ENABLE_STRICT_OBJC_MSGSEND = YES;
				GCC_C_LANGUAGE_STANDARD = gnu11;
				GCC_NO_COMMON_BLOCKS = YES;
				GCC_WARN_64_TO_32_BIT_CONVERSION = YES;
				GCC_WARN_ABOUT_RETURN_TYPE = YES_ERROR;
				GCC_WARN_UNDECLARED_SELECTOR = YES;
				GCC_WARN_UNINITIALIZED_AUTOS = YES_AGGRESSIVE;
				GCC_WARN_UNUSED_FUNCTION = YES;
				GCC_WARN_UNUSED_VARIABLE = YES;
				IPHONEOS_DEPLOYMENT_TARGET = 16.4;
				MTL_ENABLE_DEBUG_INFO = NO;
				MTL_FAST_MATH = YES;
				SDKROOT = iphoneos;
				SWIFT_COMPILATION_MODE = wholemodule;
				SWIFT_OPTIMIZATION_LEVEL = "-O";
				VALIDATE_PRODUCT = YES;
			};
			name = Release;
		};
		A9F9567229FC72AE003ED6C6 /* Debug */ = {
			isa = XCBuildConfiguration;
			buildSettings = {
				ASSETCATALOG_COMPILER_APPICON_NAME = AppIcon;
				ASSETCATALOG_COMPILER_GLOBAL_ACCENT_COLOR_NAME = AccentColor;
				CODE_SIGN_STYLE = Automatic;
				CURRENT_PROJECT_VERSION = 1;
				DEVELOPMENT_ASSET_PATHS = "\"Abitudinario/Preview Content\"";
				ENABLE_PREVIEWS = YES;
				GENERATE_INFOPLIST_FILE = YES;
				INFOPLIST_KEY_UIApplicationSceneManifest_Generation = YES;
				INFOPLIST_KEY_UIApplicationSupportsIndirectInputEvents = YES;
				INFOPLIST_KEY_UILaunchScreen_Generation = YES;
				INFOPLIST_KEY_UISupportedInterfaceOrientations_iPad = "UIInterfaceOrientationPortrait UIInterfaceOrientationPortraitUpsideDown UIInterfaceOrientationLandscapeLeft UIInterfaceOrientationLandscapeRight";
				INFOPLIST_KEY_UISupportedInterfaceOrientations_iPhone = "UIInterfaceOrientationPortrait UIInterfaceOrientationLandscapeLeft UIInterfaceOrientationLandscapeRight";
				LD_RUNPATH_SEARCH_PATHS = (
					"$(inherited)",
					"@executable_path/Frameworks",
				);
				MARKETING_VERSION = 1.0;
				PRODUCT_BUNDLE_IDENTIFIER = se.braindome.Abitudinario;
				PRODUCT_NAME = "$(TARGET_NAME)";
				SWIFT_EMIT_LOC_STRINGS = YES;
				SWIFT_VERSION = 5.0;
				TARGETED_DEVICE_FAMILY = "1,2";
			};
			name = Debug;
		};
		A9F9567329FC72AE003ED6C6 /* Release */ = {
			isa = XCBuildConfiguration;
			buildSettings = {
				ASSETCATALOG_COMPILER_APPICON_NAME = AppIcon;
				ASSETCATALOG_COMPILER_GLOBAL_ACCENT_COLOR_NAME = AccentColor;
				CODE_SIGN_STYLE = Automatic;
				CURRENT_PROJECT_VERSION = 1;
				DEVELOPMENT_ASSET_PATHS = "\"Abitudinario/Preview Content\"";
				ENABLE_PREVIEWS = YES;
				GENERATE_INFOPLIST_FILE = YES;
				INFOPLIST_KEY_UIApplicationSceneManifest_Generation = YES;
				INFOPLIST_KEY_UIApplicationSupportsIndirectInputEvents = YES;
				INFOPLIST_KEY_UILaunchScreen_Generation = YES;
				INFOPLIST_KEY_UISupportedInterfaceOrientations_iPad = "UIInterfaceOrientationPortrait UIInterfaceOrientationPortraitUpsideDown UIInterfaceOrientationLandscapeLeft UIInterfaceOrientationLandscapeRight";
				INFOPLIST_KEY_UISupportedInterfaceOrientations_iPhone = "UIInterfaceOrientationPortrait UIInterfaceOrientationLandscapeLeft UIInterfaceOrientationLandscapeRight";
				LD_RUNPATH_SEARCH_PATHS = (
					"$(inherited)",
					"@executable_path/Frameworks",
				);
				MARKETING_VERSION = 1.0;
				PRODUCT_BUNDLE_IDENTIFIER = se.braindome.Abitudinario;
				PRODUCT_NAME = "$(TARGET_NAME)";
				SWIFT_EMIT_LOC_STRINGS = YES;
				SWIFT_VERSION = 5.0;
				TARGETED_DEVICE_FAMILY = "1,2";
			};
			name = Release;
		};
		A9F9567529FC72AE003ED6C6 /* Debug */ = {
			isa = XCBuildConfiguration;
			buildSettings = {
				ALWAYS_EMBED_SWIFT_STANDARD_LIBRARIES = YES;
				BUNDLE_LOADER = "$(TEST_HOST)";
				CODE_SIGN_STYLE = Automatic;
				CURRENT_PROJECT_VERSION = 1;
				GENERATE_INFOPLIST_FILE = YES;
				IPHONEOS_DEPLOYMENT_TARGET = 16.4;
				MARKETING_VERSION = 1.0;
				PRODUCT_BUNDLE_IDENTIFIER = se.braindome.AbitudinarioTests;
				PRODUCT_NAME = "$(TARGET_NAME)";
				SWIFT_EMIT_LOC_STRINGS = NO;
				SWIFT_VERSION = 5.0;
				TARGETED_DEVICE_FAMILY = "1,2";
				TEST_HOST = "$(BUILT_PRODUCTS_DIR)/Abitudinario.app/$(BUNDLE_EXECUTABLE_FOLDER_PATH)/Abitudinario";
			};
			name = Debug;
		};
		A9F9567629FC72AE003ED6C6 /* Release */ = {
			isa = XCBuildConfiguration;
			buildSettings = {
				ALWAYS_EMBED_SWIFT_STANDARD_LIBRARIES = YES;
				BUNDLE_LOADER = "$(TEST_HOST)";
				CODE_SIGN_STYLE = Automatic;
				CURRENT_PROJECT_VERSION = 1;
				GENERATE_INFOPLIST_FILE = YES;
				IPHONEOS_DEPLOYMENT_TARGET = 16.4;
				MARKETING_VERSION = 1.0;
				PRODUCT_BUNDLE_IDENTIFIER = se.braindome.AbitudinarioTests;
				PRODUCT_NAME = "$(TARGET_NAME)";
				SWIFT_EMIT_LOC_STRINGS = NO;
				SWIFT_VERSION = 5.0;
				TARGETED_DEVICE_FAMILY = "1,2";
				TEST_HOST = "$(BUILT_PRODUCTS_DIR)/Abitudinario.app/$(BUNDLE_EXECUTABLE_FOLDER_PATH)/Abitudinario";
			};
			name = Release;
		};
		A9F9567829FC72AE003ED6C6 /* Debug */ = {
			isa = XCBuildConfiguration;
			buildSettings = {
				ALWAYS_EMBED_SWIFT_STANDARD_LIBRARIES = YES;
				CODE_SIGN_STYLE = Automatic;
				CURRENT_PROJECT_VERSION = 1;
				GENERATE_INFOPLIST_FILE = YES;
				MARKETING_VERSION = 1.0;
				PRODUCT_BUNDLE_IDENTIFIER = se.braindome.AbitudinarioUITests;
				PRODUCT_NAME = "$(TARGET_NAME)";
				SWIFT_EMIT_LOC_STRINGS = NO;
				SWIFT_VERSION = 5.0;
				TARGETED_DEVICE_FAMILY = "1,2";
				TEST_TARGET_NAME = Abitudinario;
			};
			name = Debug;
		};
		A9F9567929FC72AE003ED6C6 /* Release */ = {
			isa = XCBuildConfiguration;
			buildSettings = {
				ALWAYS_EMBED_SWIFT_STANDARD_LIBRARIES = YES;
				CODE_SIGN_STYLE = Automatic;
				CURRENT_PROJECT_VERSION = 1;
				GENERATE_INFOPLIST_FILE = YES;
				MARKETING_VERSION = 1.0;
				PRODUCT_BUNDLE_IDENTIFIER = se.braindome.AbitudinarioUITests;
				PRODUCT_NAME = "$(TARGET_NAME)";
				SWIFT_EMIT_LOC_STRINGS = NO;
				SWIFT_VERSION = 5.0;
				TARGETED_DEVICE_FAMILY = "1,2";
				TEST_TARGET_NAME = Abitudinario;
			};
			name = Release;
		};
/* End XCBuildConfiguration section */

/* Begin XCConfigurationList section */
		A9F9564829FC72AD003ED6C6 /* Build configuration list for PBXProject "Abitudinario" */ = {
			isa = XCConfigurationList;
			buildConfigurations = (
				A9F9566F29FC72AE003ED6C6 /* Debug */,
				A9F9567029FC72AE003ED6C6 /* Release */,
			);
			defaultConfigurationIsVisible = 0;
			defaultConfigurationName = Release;
		};
		A9F9567129FC72AE003ED6C6 /* Build configuration list for PBXNativeTarget "Abitudinario" */ = {
			isa = XCConfigurationList;
			buildConfigurations = (
				A9F9567229FC72AE003ED6C6 /* Debug */,
				A9F9567329FC72AE003ED6C6 /* Release */,
			);
			defaultConfigurationIsVisible = 0;
			defaultConfigurationName = Release;
		};
		A9F9567429FC72AE003ED6C6 /* Build configuration list for PBXNativeTarget "AbitudinarioTests" */ = {
			isa = XCConfigurationList;
			buildConfigurations = (
				A9F9567529FC72AE003ED6C6 /* Debug */,
				A9F9567629FC72AE003ED6C6 /* Release */,
			);
			defaultConfigurationIsVisible = 0;
			defaultConfigurationName = Release;
		};
		A9F9567729FC72AE003ED6C6 /* Build configuration list for PBXNativeTarget "AbitudinarioUITests" */ = {
			isa = XCConfigurationList;
			buildConfigurations = (
				A9F9567829FC72AE003ED6C6 /* Debug */,
				A9F9567929FC72AE003ED6C6 /* Release */,
			);
			defaultConfigurationIsVisible = 0;
			defaultConfigurationName = Release;
		};
/* End XCConfigurationList section */

/* Begin XCRemoteSwiftPackageReference section */
		A9F9567A29FC73D7003ED6C6 /* XCRemoteSwiftPackageReference "firebase-ios-sdk" */ = {
			isa = XCRemoteSwiftPackageReference;
			repositoryURL = "https://github.com/firebase/firebase-ios-sdk";
			requirement = {
				kind = upToNextMajorVersion;
				minimumVersion = 10.0.0;
			};
		};
/* End XCRemoteSwiftPackageReference section */

/* Begin XCSwiftPackageProductDependency section */
		A9F9567B29FC73D7003ED6C6 /* FirebaseAuth */ = {
			isa = XCSwiftPackageProductDependency;
			package = A9F9567A29FC73D7003ED6C6 /* XCRemoteSwiftPackageReference "firebase-ios-sdk" */;
			productName = FirebaseAuth;
		};
		A9F9567D29FC73D7003ED6C6 /* FirebaseFirestore */ = {
			isa = XCSwiftPackageProductDependency;
			package = A9F9567A29FC73D7003ED6C6 /* XCRemoteSwiftPackageReference "firebase-ios-sdk" */;
			productName = FirebaseFirestore;
		};
		A9F9567F29FC73D7003ED6C6 /* FirebaseFirestoreCombine-Community */ = {
			isa = XCSwiftPackageProductDependency;
			package = A9F9567A29FC73D7003ED6C6 /* XCRemoteSwiftPackageReference "firebase-ios-sdk" */;
			productName = "FirebaseFirestoreCombine-Community";
		};
		A9F9568129FC73D7003ED6C6 /* FirebaseFirestoreSwift */ = {
			isa = XCSwiftPackageProductDependency;
			package = A9F9567A29FC73D7003ED6C6 /* XCRemoteSwiftPackageReference "firebase-ios-sdk" */;
			productName = FirebaseFirestoreSwift;
		};
/* End XCSwiftPackageProductDependency section */
	};
	rootObject = A9F9564529FC72AD003ED6C6 /* Project object */;
}
